
Microsoft Visual Studio Solution File, Format Version 12.00
# Visual Studio Version 16
VisualStudioVersion = 16.0.30011.22
MinimumVisualStudioVersion = 10.0.40219.1
Project("{9A19103F-16F7-4668-BE54-9A1E7A4F7556}") = "GrpcDemo.Server", "GrpcDemo.Server\GrpcDemo.Server.csproj", "{5C1AE5B6-8C87-41C8-A967-D2EF7CE5E21A}"
EndProject
Project("{FAE04EC0-301F-11D3-BF4B-00C04F79EFBC}") = "GrpcDemo.Client", "GrpcDemo.Client\GrpcDemo.Client.csproj", "{6AB509CC-436B-4417-85AD-3B6776A0D367}"
EndProject
Global
	GlobalSection(SolutionConfigurationPlatforms) = preSolution
		Debug|Any CPU = Debug|Any CPU
		Release|Any CPU = Release|Any CPU
	EndGlobalSection
	GlobalSection(ProjectConfigurationPlatforms) = postSolution
		{5C1AE5B6-8C87-41C8-A967-D2EF7CE5E21A}.Debug|Any CPU.ActiveCfg = Debug|Any CPU
		{5C1AE5B6-8C87-41C8-A967-D2EF7CE5E21A}.Debug|Any CPU.Build.0 = Debug|Any CPU
		{5C1AE5B6-8C87-41C8-A967-D2EF7CE5E21A}.Release|Any CPU.ActiveCfg = Release|Any CPU
		{5C1AE5B6-8C87-41C8-A967-D2EF7CE5E21A}.Release|Any CPU.Build.0 = Release|Any CPU
		{6AB509CC-436B-4417-85AD-3B6776A0D367}.Debug|Any CPU.ActiveCfg = Debug|Any CPU
		{6AB509CC-436B-4417-85AD-3B6776A0D367}.Debug|Any CPU.Build.0 = Debug|Any CPU
		{6AB509CC-436B-4417-85AD-3B6776A0D367}.Release|Any CPU.ActiveCfg = Release|Any CPU
		{6AB509CC-436B-4417-85AD-3B6776A0D367}.Release|Any CPU.Build.0 = Release|Any CPU
	EndGlobalSection
	GlobalSection(SolutionProperties) = preSolution
		HideSolutionNode = FALSE
	EndGlobalSection
	GlobalSection(ExtensibilityGlobals) = postSolution
		SolutionGuid = {C7CCC002-39E7-4428-AED6-4BB513E9955A}
	EndGlobalSection
EndGlobal
